
Microsoft Visual Studio Solution File, Format Version 12.00
# Visual Studio 2010
Project("{2150E333-8FDC-42A3-9474-1A3956D46DE8}") = "Solution Items", "Solution Items", "{84BB37E9-CE27-48E0-88F6-A741A46D5883}"
	ProjectSection(SolutionItems) = preProject
		ExcelPackage.vsmdi = ExcelPackage.vsmdi
		LocalTestRun.testrunconfig = LocalTestRun.testrunconfig
	EndProjectSection
EndProject
Project("{FAE04EC0-301F-11D3-BF4B-00C04F79EFBC}") = "EPPlus", "EPPlus\EPPlus.csproj", "{7B288026-5502-4A39-BF41-77E086F3E4A3}"
EndProject
Project("{FAE04EC0-301F-11D3-BF4B-00C04F79EFBC}") = "EPPlusSamples", "SampleApp\EPPlusSamples.csproj", "{06BF3C68-E7D4-4579-90BE-E36DACE564EF}"
EndProject
Project("{FAE04EC0-301F-11D3-BF4B-00C04F79EFBC}") = "EPPlusTest", "EPPlusTest\EPPlusTest.csproj", "{E7BCEDE0-EADD-437B-86D5-49D192216948}"
EndProject
Project("{FAE04EC0-301F-11D3-BF4B-00C04F79EFBC}") = "EPPlusWebSample", "EPPlusWebSample\EPPlusWebSample.csproj", "{1BF30A52-6149-432D-82F6-725250E5C662}"
EndProject
Project("{2150E333-8FDC-42A3-9474-1A3956D46DE8}") = "Profiling", "Profiling", "{09979041-6DAC-444C-B1B3-354F8AA1016C}"
EndProject
Project("{FAE04EC0-301F-11D3-BF4B-00C04F79EFBC}") = "GeneratePackage", "Profiling\GeneratePackage\GeneratePackage.csproj", "{5B83F4CF-AF0D-4F04-B992-740CE4F9C116}"
EndProject
Global
	GlobalSection(TestCaseManagementSettings) = postSolution
		CategoryFile = ExcelPackage.vsmdi
	EndGlobalSection
	GlobalSection(SolutionConfigurationPlatforms) = preSolution
		Debug|Any CPU = Debug|Any CPU
		Debug|Mixed Platforms = Debug|Mixed Platforms
		Debug|x86 = Debug|x86
		Release|Any CPU = Release|Any CPU
		Release|Mixed Platforms = Release|Mixed Platforms
		Release|x86 = Release|x86
	EndGlobalSection
	GlobalSection(ProjectConfigurationPlatforms) = postSolution
		{7B288026-5502-4A39-BF41-77E086F3E4A3}.Debug|Any CPU.ActiveCfg = Debug|Any CPU
		{7B288026-5502-4A39-BF41-77E086F3E4A3}.Debug|Any CPU.Build.0 = Debug|Any CPU
		{7B288026-5502-4A39-BF41-77E086F3E4A3}.Debug|Mixed Platforms.ActiveCfg = Debug|Any CPU
		{7B288026-5502-4A39-BF41-77E086F3E4A3}.Debug|Mixed Platforms.Build.0 = Debug|Any CPU
		{7B288026-5502-4A39-BF41-77E086F3E4A3}.Debug|x86.ActiveCfg = Debug|Any CPU
		{7B288026-5502-4A39-BF41-77E086F3E4A3}.Release|Any CPU.ActiveCfg = Release|Any CPU
		{7B288026-5502-4A39-BF41-77E086F3E4A3}.Release|Any CPU.Build.0 = Release|Any CPU
		{7B288026-5502-4A39-BF41-77E086F3E4A3}.Release|Mixed Platforms.ActiveCfg = Release|Any CPU
		{7B288026-5502-4A39-BF41-77E086F3E4A3}.Release|Mixed Platforms.Build.0 = Release|Any CPU
		{7B288026-5502-4A39-BF41-77E086F3E4A3}.Release|x86.ActiveCfg = Release|Any CPU
		{06BF3C68-E7D4-4579-90BE-E36DACE564EF}.Debug|Any CPU.ActiveCfg = Debug|Any CPU
		{06BF3C68-E7D4-4579-90BE-E36DACE564EF}.Debug|Any CPU.Build.0 = Debug|Any CPU
		{06BF3C68-E7D4-4579-90BE-E36DACE564EF}.Debug|Mixed Platforms.ActiveCfg = Debug|Any CPU
		{06BF3C68-E7D4-4579-90BE-E36DACE564EF}.Debug|Mixed Platforms.Build.0 = Debug|Any CPU
		{06BF3C68-E7D4-4579-90BE-E36DACE564EF}.Debug|x86.ActiveCfg = Debug|Any CPU
		{06BF3C68-E7D4-4579-90BE-E36DACE564EF}.Release|Any CPU.ActiveCfg = Release|Any CPU
		{06BF3C68-E7D4-4579-90BE-E36DACE564EF}.Release|Any CPU.Build.0 = Release|Any CPU
		{06BF3C68-E7D4-4579-90BE-E36DACE564EF}.Release|Mixed Platforms.ActiveCfg = Release|Any CPU
		{06BF3C68-E7D4-4579-90BE-E36DACE564EF}.Release|Mixed Platforms.Build.0 = Release|Any CPU
		{06BF3C68-E7D4-4579-90BE-E36DACE564EF}.Release|x86.ActiveCfg = Release|Any CPU
		{E7BCEDE0-EADD-437B-86D5-49D192216948}.Debug|Any CPU.ActiveCfg = Debug|Any CPU
		{E7BCEDE0-EADD-437B-86D5-49D192216948}.Debug|Any CPU.Build.0 = Debug|Any CPU
		{E7BCEDE0-EADD-437B-86D5-49D192216948}.Debug|Mixed Platforms.ActiveCfg = Debug|Any CPU
		{E7BCEDE0-EADD-437B-86D5-49D192216948}.Debug|Mixed Platforms.Build.0 = Debug|Any CPU
		{E7BCEDE0-EADD-437B-86D5-49D192216948}.Debug|x86.ActiveCfg = Debug|Any CPU
		{E7BCEDE0-EADD-437B-86D5-49D192216948}.Release|Any CPU.ActiveCfg = Release|Any CPU
		{E7BCEDE0-EADD-437B-86D5-49D192216948}.Release|Any CPU.Build.0 = Release|Any CPU
		{E7BCEDE0-EADD-437B-86D5-49D192216948}.Release|Mixed Platforms.ActiveCfg = Release|Any CPU
		{E7BCEDE0-EADD-437B-86D5-49D192216948}.Release|Mixed Platforms.Build.0 = Release|Any CPU
		{E7BCEDE0-EADD-437B-86D5-49D192216948}.Release|x86.ActiveCfg = Release|Any CPU
		{1BF30A52-6149-432D-82F6-725250E5C662}.Debug|Any CPU.ActiveCfg = Debug|Any CPU
		{1BF30A52-6149-432D-82F6-725250E5C662}.Debug|Any CPU.Build.0 = Debug|Any CPU
		{1BF30A52-6149-432D-82F6-725250E5C662}.Debug|Mixed Platforms.ActiveCfg = Debug|Any CPU
		{1BF30A52-6149-432D-82F6-725250E5C662}.Debug|Mixed Platforms.Build.0 = Debug|Any CPU
		{1BF30A52-6149-432D-82F6-725250E5C662}.Debug|x86.ActiveCfg = Debug|Any CPU
		{1BF30A52-6149-432D-82F6-725250E5C662}.Release|Any CPU.ActiveCfg = Release|Any CPU
		{1BF30A52-6149-432D-82F6-725250E5C662}.Release|Any CPU.Build.0 = Release|Any CPU
		{1BF30A52-6149-432D-82F6-725250E5C662}.Release|Mixed Platforms.ActiveCfg = Release|Any CPU
		{1BF30A52-6149-432D-82F6-725250E5C662}.Release|Mixed Platforms.Build.0 = Release|Any CPU
		{1BF30A52-6149-432D-82F6-725250E5C662}.Release|x86.ActiveCfg = Release|Any CPU
		{5B83F4CF-AF0D-4F04-B992-740CE4F9C116}.Debug|Any CPU.ActiveCfg = Debug|x86
		{5B83F4CF-AF0D-4F04-B992-740CE4F9C116}.Debug|Mixed Platforms.ActiveCfg = Debug|x86
		{5B83F4CF-AF0D-4F04-B992-740CE4F9C116}.Debug|Mixed Platforms.Build.0 = Debug|x86
		{5B83F4CF-AF0D-4F04-B992-740CE4F9C116}.Debug|x86.ActiveCfg = Debug|x86
		{5B83F4CF-AF0D-4F04-B992-740CE4F9C116}.Debug|x86.Build.0 = Debug|x86
		{5B83F4CF-AF0D-4F04-B992-740CE4F9C116}.Release|Any CPU.ActiveCfg = Release|x86
		{5B83F4CF-AF0D-4F04-B992-740CE4F9C116}.Release|Mixed Platforms.ActiveCfg = Release|x86
		{5B83F4CF-AF0D-4F04-B992-740CE4F9C116}.Release|Mixed Platforms.Build.0 = Release|x86
		{5B83F4CF-AF0D-4F04-B992-740CE4F9C116}.Release|x86.ActiveCfg = Release|x86
		{5B83F4CF-AF0D-4F04-B992-740CE4F9C116}.Release|x86.Build.0 = Release|x86
	EndGlobalSection
	GlobalSection(SolutionProperties) = preSolution
		HideSolutionNode = FALSE
	EndGlobalSection
	GlobalSection(NestedProjects) = preSolution
		{5B83F4CF-AF0D-4F04-B992-740CE4F9C116} = {09979041-6DAC-444C-B1B3-354F8AA1016C}
	EndGlobalSection
	GlobalSection(ExtensibilityGlobals) = postSolution
		VisualSVNWorkingCopyRoot = .
	EndGlobalSection
EndGlobal
