
Microsoft Visual Studio Solution File, Format Version 10.00
# Visual Studio 2008
Project("{FAE04EC0-301F-11D3-BF4B-00C04F79EFBC}") = "ExcelPackage", "ExcelPackage\ExcelPackage.csproj", "{7B288026-5502-4A39-BF41-77E086F3E4A3}"
EndProject
Project("{FAE04EC0-301F-11D3-BF4B-00C04F79EFBC}") = "ExcelPackageSamples", "SampleApp\ExcelPackageSamples.csproj", "{06BF3C68-E7D4-4579-90BE-E36DACE564EF}"
EndProject
Global
	GlobalSection(SolutionConfigurationPlatforms) = preSolution
		Debug|Any CPU = Debug|Any CPU
		Release|Any CPU = Release|Any CPU
	EndGlobalSection
	GlobalSection(ProjectConfigurationPlatforms) = postSolution
		{7B288026-5502-4A39-BF41-77E086F3E4A3}.Debug|Any CPU.ActiveCfg = Debug|Any CPU
		{7B288026-5502-4A39-BF41-77E086F3E4A3}.Debug|Any CPU.Build.0 = Debug|Any CPU
		{7B288026-5502-4A39-BF41-77E086F3E4A3}.Release|Any CPU.ActiveCfg = Release|Any CPU
		{7B288026-5502-4A39-BF41-77E086F3E4A3}.Release|Any CPU.Build.0 = Release|Any CPU
		{06BF3C68-E7D4-4579-90BE-E36DACE564EF}.Debug|Any CPU.ActiveCfg = Debug|Any CPU
		{06BF3C68-E7D4-4579-90BE-E36DACE564EF}.Debug|Any CPU.Build.0 = Debug|Any CPU
		{06BF3C68-E7D4-4579-90BE-E36DACE564EF}.Release|Any CPU.ActiveCfg = Release|Any CPU
		{06BF3C68-E7D4-4579-90BE-E36DACE564EF}.Release|Any CPU.Build.0 = Release|Any CPU
	EndGlobalSection
	GlobalSection(SolutionProperties) = preSolution
		HideSolutionNode = FALSE
	EndGlobalSection
	GlobalSection(ExtensibilityGlobals) = postSolution
		VisualSVNWorkingCopyRoot = .
	EndGlobalSection
EndGlobal
