
Microsoft Visual Studio Solution File, Format Version 12.00
# Visual Studio 15
VisualStudioVersion = 15.0.28010.2050
MinimumVisualStudioVersion = 10.0.40219.1
Project("{7CF6DF6D-3B04-46F8-A40B-537D21BCA0B4}") = "EPPlusDoc", "EPPlusDoc.shfbproj", "{9B3CF930-A2BA-4D8E-AB20-997503B8024B}"
EndProject
Global
	GlobalSection(SolutionConfigurationPlatforms) = preSolution
		Debug|Any CPU = Debug|Any CPU
		Release|Any CPU = Release|Any CPU
	EndGlobalSection
	GlobalSection(ProjectConfigurationPlatforms) = postSolution
		{9B3CF930-A2BA-4D8E-AB20-997503B8024B}.Debug|Any CPU.ActiveCfg = Debug|Any CPU
		{9B3CF930-A2BA-4D8E-AB20-997503B8024B}.Debug|Any CPU.Build.0 = Debug|Any CPU
		{9B3CF930-A2BA-4D8E-AB20-997503B8024B}.Release|Any CPU.ActiveCfg = Release|Any CPU
		{9B3CF930-A2BA-4D8E-AB20-997503B8024B}.Release|Any CPU.Build.0 = Release|Any CPU
	EndGlobalSection
	GlobalSection(SolutionProperties) = preSolution
		HideSolutionNode = FALSE
	EndGlobalSection
	GlobalSection(ExtensibilityGlobals) = postSolution
		SolutionGuid = {BE41C3CC-D386-44FB-9522-12A331C55830}
	EndGlobalSection
EndGlobal
