
Microsoft Visual Studio Solution File, Format Version 12.00
# Visual Studio 15
VisualStudioVersion = 15.0.26403.0
MinimumVisualStudioVersion = 10.0.40219.1
Project("{9A19103F-16F7-4668-BE54-9A1E7A4F7556}") = "EPPlus.Core", "..\EPPlus\EPPlus.Core.csproj", "{6C3247DD-43E4-4D0B-9C91-9F91E668C8AE}"
EndProject
Global
	GlobalSection(SolutionConfigurationPlatforms) = preSolution
		Debug|Any CPU = Debug|Any CPU
		Release|Any CPU = Release|Any CPU
	EndGlobalSection
	GlobalSection(ProjectConfigurationPlatforms) = postSolution
		{6C3247DD-43E4-4D0B-9C91-9F91E668C8AE}.Debug|Any CPU.ActiveCfg = Debug|Any CPU
		{6C3247DD-43E4-4D0B-9C91-9F91E668C8AE}.Debug|Any CPU.Build.0 = Debug|Any CPU
		{6C3247DD-43E4-4D0B-9C91-9F91E668C8AE}.Release|Any CPU.ActiveCfg = Release|Any CPU
		{6C3247DD-43E4-4D0B-9C91-9F91E668C8AE}.Release|Any CPU.Build.0 = Release|Any CPU
	EndGlobalSection
	GlobalSection(SolutionProperties) = preSolution
		HideSolutionNode = FALSE
	EndGlobalSection
EndGlobal
